<?xml version="1.0" encoding="utf-8"?>
<Project ToolsVersion="4.0" xmlns="http://schemas.microsoft.com/developer/msbuild/2003">
  <ItemGroup>
    <Filter Include="Source Files">
      <UniqueIdentifier>{4FC737F1-C7A5-4376-A066-2A32D752A2FF}</UniqueIdentifier>
      <Extensions>cpp;c;cc;cxx;def;odl;idl;hpj;bat;asm;asmx</Extensions>
    </Filter>
    <Filter Include="Header Files">
      <UniqueIdentifier>{93995380-89BD-4b04-88EB-625FBE52EBFB}</UniqueIdentifier>
      <Extensions>h;hh;hpp;hxx;hm;inl;inc;xsd</Extensions>
    </Filter>
    <Filter Include="Resource Files">
      <UniqueIdentifier>{67DA6AB6-F800-4c08-8B7A-83BB121AAD01}</UniqueIdentifier>
      <Extensions>rc;ico;cur;bmp;dlg;rc2;rct;bin;rgs;gif;jpg;jpeg;jpe;resx;tiff;tif;png;wav;mfcribbon-ms</Extensions>
    </Filter>
    <Filter Include="Header Files\jpeglib">
      <UniqueIdentifier>{19a06ab1-f1ac-466d-a23b-fe677931a619}</UniqueIdentifier>
    </Filter>
    <Filter Include="Header Files\curllib">
      <UniqueIdentifier>{2f364b6f-4786-4e33-97fa-73c0249bf066}</UniqueIdentifier>
    </Filter>
    <Filter Include="Base Files">
      <UniqueIdentifier>{dc1ade79-5a80-47c1-b8f8-20bd18872adc}</UniqueIdentifier>
    </Filter>
    <Filter Include="Util Files">
      <UniqueIdentifier>{8bef6831-477e-4ed7-a0a3-3d59689379ef}</UniqueIdentifier>
    </Filter>
  </ItemGroup>
  <ItemGroup>
    <Text Include="ReadMe.txt" />
  </ItemGroup>
  <ItemGroup>
    <ClInclude Include="stdafx.h">
      <Filter>Header Files</Filter>
    </ClInclude>
    <ClInclude Include="targetver.h">
      <Filter>Header Files</Filter>
    </ClInclude>
    <ClInclude Include="Resource.h">
      <Filter>Header Files</Filter>
    </ClInclude>
    <ClInclude Include="Pic2Html.h">
      <Filter>Header Files</Filter>
    </ClInclude>
    <ClInclude Include="ui\CWndBase.h">
      <Filter>Source Files</Filter>
    </ClInclude>
    <ClInclude Include="ext\jpeglib\jconfig.h">
      <Filter>Header Files\jpeglib</Filter>
    </ClInclude>
    <ClInclude Include="ext\jpeglib\jdct.h">
      <Filter>Header Files\jpeglib</Filter>
    </ClInclude>
    <ClInclude Include="ext\jpeglib\jerror.h">
      <Filter>Header Files\jpeglib</Filter>
    </ClInclude>
    <ClInclude Include="ext\jpeglib\jinclude.h">
      <Filter>Header Files\jpeglib</Filter>
    </ClInclude>
    <ClInclude Include="ext\jpeglib\jmemsys.h">
      <Filter>Header Files\jpeglib</Filter>
    </ClInclude>
    <ClInclude Include="ext\jpeglib\jmorecfg.h">
      <Filter>Header Files\jpeglib</Filter>
    </ClInclude>
    <ClInclude Include="ext\jpeglib\jpegint.h">
      <Filter>Header Files\jpeglib</Filter>
    </ClInclude>
    <ClInclude Include="ext\jpeglib\jpeglib.h">
      <Filter>Header Files\jpeglib</Filter>
    </ClInclude>
    <ClInclude Include="ext\jpeglib\jversion.h">
      <Filter>Header Files\jpeglib</Filter>
    </ClInclude>
    <ClInclude Include="ext\curllib\curl.h">
      <Filter>Header Files\curllib</Filter>
    </ClInclude>
    <ClInclude Include="ext\curllib\curlbuild.h">
      <Filter>Header Files\curllib</Filter>
    </ClInclude>
    <ClInclude Include="ext\curllib\curlrules.h">
      <Filter>Header Files\curllib</Filter>
    </ClInclude>
    <ClInclude Include="ext\curllib\curlver.h">
      <Filter>Header Files\curllib</Filter>
    </ClInclude>
    <ClInclude Include="ui\CWndJpeg.h">
      <Filter>Source Files</Filter>
    </ClInclude>
    <ClInclude Include="base\CBaseObject.h">
      <Filter>Base Files</Filter>
    </ClInclude>
    <ClInclude Include="base\CIOBase.h">
      <Filter>Base Files</Filter>
    </ClInclude>
    <ClInclude Include="base\CIOFile.h">
      <Filter>Base Files</Filter>
    </ClInclude>
    <ClInclude Include="base\CMutexLock.h">
      <Filter>Base Files</Filter>
    </ClInclude>
    <ClInclude Include="base\CNodeList.h">
      <Filter>Base Files</Filter>
    </ClInclude>
    <ClInclude Include="base\CRegMng.h">
      <Filter>Base Files</Filter>
    </ClInclude>
    <ClInclude Include="base\CThreadWork.h">
      <Filter>Base Files</Filter>
    </ClInclude>
    <ClInclude Include="base\ULogFunc.h">
      <Filter>Base Files</Filter>
    </ClInclude>
    <ClInclude Include="base\USystemFunc.h">
      <Filter>Base Files</Filter>
    </ClInclude>
    <ClInclude Include="base\UThreadFunc.h">
      <Filter>Base Files</Filter>
    </ClInclude>
    <ClInclude Include="util\CJpegBase.h">
      <Filter>Util Files</Filter>
    </ClInclude>
    <ClInclude Include="util\CJpegDec.h">
      <Filter>Util Files</Filter>
    </ClInclude>
  </ItemGroup>
  <ItemGroup>
    <ClCompile Include="stdafx.cpp">
      <Filter>Source Files</Filter>
    </ClCompile>
    <ClCompile Include="Pic2Html.cpp">
      <Filter>Source Files</Filter>
    </ClCompile>
    <ClCompile Include="ui\CWndBase.cpp">
      <Filter>Source Files</Filter>
    </ClCompile>
    <ClCompile Include="ui\CWndJpeg.cpp">
      <Filter>Source Files</Filter>
    </ClCompile>
    <ClCompile Include="base\CBaseObject.cpp">
      <Filter>Base Files</Filter>
    </ClCompile>
    <ClCompile Include="base\CIOBase.cpp">
      <Filter>Base Files</Filter>
    </ClCompile>
    <ClCompile Include="base\CIOFile.cpp">
      <Filter>Base Files</Filter>
    </ClCompile>
    <ClCompile Include="base\CMutexLock.cpp">
      <Filter>Base Files</Filter>
    </ClCompile>
    <ClCompile Include="base\CNodeList.cpp">
      <Filter>Base Files</Filter>
    </ClCompile>
    <ClCompile Include="base\CRegMng.cpp">
      <Filter>Base Files</Filter>
    </ClCompile>
    <ClCompile Include="base\CThreadWork.cpp">
      <Filter>Base Files</Filter>
    </ClCompile>
    <ClCompile Include="base\ULogFunc.c">
      <Filter>Base Files</Filter>
    </ClCompile>
    <ClCompile Include="base\USystemFunc.cpp">
      <Filter>Base Files</Filter>
    </ClCompile>
    <ClCompile Include="base\UThreadFunc.cpp">
      <Filter>Base Files</Filter>
    </ClCompile>
    <ClCompile Include="util\CJpegBase.cpp">
      <Filter>Util Files</Filter>
    </ClCompile>
    <ClCompile Include="util\CJpegDec.cpp">
      <Filter>Util Files</Filter>
    </ClCompile>
  </ItemGroup>
  <ItemGroup>
    <ResourceCompile Include="Pic2Html.rc">
      <Filter>Resource Files</Filter>
    </ResourceCompile>
  </ItemGroup>
  <ItemGroup>
    <Image Include="small.ico">
      <Filter>Resource Files</Filter>
    </Image>
    <Image Include="Pic2Html.ico">
      <Filter>Resource Files</Filter>
    </Image>
  </ItemGroup>
</Project>